
Microsoft Visual Studio Solution File, Format Version 12.00
# Visual Studio Version 16
VisualStudioVersion = 16.0.30128.74
MinimumVisualStudioVersion = 10.0.40219.1
Project("{2150E333-8FDC-42A3-9474-1A3956D46DE8}") = "Core", "Core", "{DDB3946F-A35E-470A-AC44-B55C7302865E}"
EndProject
Project("{FAE04EC0-301F-11D3-BF4B-00C04F79EFBC}") = "Core.AuthConfig", "Core\Core.AuthConfig\Core.AuthConfig.csproj", "{F30F59F0-EA0B-4397-9B34-AF04E9CD0163}"
EndProject
Project("{FAE04EC0-301F-11D3-BF4B-00C04F79EFBC}") = "Core.AuthConfig.DotNetCore", "Core\Core.AuthConfig.DotNetCore\Core.AuthConfig.DotNetCore.csproj", "{6A262882-0B5B-4AB9-8D9A-DC7C7732FD3D}"
EndProject
Project("{FAE04EC0-301F-11D3-BF4B-00C04F79EFBC}") = "Core.Business", "Core\Core.Business\Core.Business.csproj", "{E17B43E5-1246-4133-9D0C-590436DB03E4}"
EndProject
Project("{FAE04EC0-301F-11D3-BF4B-00C04F79EFBC}") = "Core.Connectors", "Core\Core.Connectors\Core.Connectors.csproj", "{377129B7-4391-44BE-B3CF-0D2E1F2234D5}"
EndProject
Project("{FAE04EC0-301F-11D3-BF4B-00C04F79EFBC}") = "Core.Data", "Core\Core.Data\Core.Data.csproj", "{267AE002-5ED9-4E6F-A5DC-5D915A15E58A}"
EndProject
Project("{FAE04EC0-301F-11D3-BF4B-00C04F79EFBC}") = "Core.Data.Migration", "Core\Core.Data.Migration\Core.Data.Migration.csproj", "{545FD85E-506A-46EA-9840-8462E29FC5D9}"
EndProject
Project("{FAE04EC0-301F-11D3-BF4B-00C04F79EFBC}") = "Core.Encrypter", "Core\Core.Encrypter\Core.Encrypter.csproj", "{B9C65FB2-DB66-4DE3-AFC6-0A2C5219E6CF}"
EndProject
Project("{FAE04EC0-301F-11D3-BF4B-00C04F79EFBC}") = "Core.JwtAuthServer", "Core\Core.JwtAuthServer\Core.JwtAuthServer.csproj", "{720A1F69-9793-4BBC-94F0-49460EE39D10}"
EndProject
Project("{FAE04EC0-301F-11D3-BF4B-00C04F79EFBC}") = "Core.MicroService", "Core\Core.MicroService\Core.MicroService.csproj", "{D0BF28C4-92FE-46F9-99FF-87162512738C}"
EndProject
Project("{FAE04EC0-301F-11D3-BF4B-00C04F79EFBC}") = "Core.Validation", "Core\Core.Validation\Core.Validation.csproj", "{B272A6FF-F493-4672-828A-507CCF717B3D}"
EndProject
Project("{2150E333-8FDC-42A3-9474-1A3956D46DE8}") = "Functions", "Functions", "{FCC71EC3-160B-4CC4-BA0E-10E5664FA570}"
EndProject
Project("{2150E333-8FDC-42A3-9474-1A3956D46DE8}") = "Patients", "Patients", "{5A6A9BA8-51BB-4D05-A3A5-BA01A40794D1}"
EndProject
Project("{FAE04EC0-301F-11D3-BF4B-00C04F79EFBC}") = "Patients.Business", "Functions\Patients\Patients.Business\Patients.Business.csproj", "{FB97F28D-5589-47B0-B1C8-51219D7673A3}"
EndProject
Project("{9A19103F-16F7-4668-BE54-9A1E7A4F7556}") = "Patients.MicroService", "Functions\Patients\Patients.MicroService\Patients.MicroService.csproj", "{650D6269-C40B-4D04-925C-F1E5648A1B40}"
EndProject
Project("{2150E333-8FDC-42A3-9474-1A3956D46DE8}") = "Telemedicine", "Telemedicine", "{91A53753-835D-483C-A1B5-63F866D5B03E}"
EndProject
Project("{FAE04EC0-301F-11D3-BF4B-00C04F79EFBC}") = "Telemedicine.Business", "Functions\Telemedicine\Telemedicine.Business\Telemedicine.Business.csproj", "{FED80C62-6224-4E4E-BED8-B06A371A730A}"
EndProject
Project("{9A19103F-16F7-4668-BE54-9A1E7A4F7556}") = "Telemedicine.MicroService", "Functions\Telemedicine\Telemedicine.MicroService\Telemedicine.MicroService.csproj", "{5736CBAF-F187-43E3-A013-7AD457518F9F}"
EndProject
Project("{2150E333-8FDC-42A3-9474-1A3956D46DE8}") = "Connectors", "Connectors", "{AFA07AC5-2321-4C5E-9F64-B0092CB127C9}"
EndProject
Project("{2150E333-8FDC-42A3-9474-1A3956D46DE8}") = "CaseRecovery", "CaseRecovery", "{88459B6D-EDF2-413E-AA9B-C1B7AF0989C0}"
EndProject
Project("{FAE04EC0-301F-11D3-BF4B-00C04F79EFBC}") = "CaseRecovery.Business", "Functions\CaseRecovery\CaseRecovery.Business\CaseRecovery.Business.csproj", "{28EFE352-9009-4B80-97A8-A849907E172C}"
EndProject
Project("{9A19103F-16F7-4668-BE54-9A1E7A4F7556}") = "CaseRecovery.MicroService", "Functions\CaseRecovery\CaseRecovery.MicroService\CaseRecovery.MicroService.csproj", "{59568CA8-A8F9-473D-8E5B-549A35FB27E1}"
EndProject
Project("{2150E333-8FDC-42A3-9474-1A3956D46DE8}") = "CapturedCases", "CapturedCases", "{776FDFD6-0230-49E1-9007-6CFCE675B639}"
EndProject
Project("{2150E333-8FDC-42A3-9474-1A3956D46DE8}") = "Administration", "Administration", "{9A4FE811-786F-4AB0-A662-58AA83430A43}"
EndProject
Project("{FAE04EC0-301F-11D3-BF4B-00C04F79EFBC}") = "CapturedCases.Business", "Functions\CapturedCases\CapturedCases.Business\CapturedCases.Business.csproj", "{7B00AFD7-305A-48FB-9DA8-E056E4B26AB2}"
EndProject
Project("{9A19103F-16F7-4668-BE54-9A1E7A4F7556}") = "CapturedCases.MicroService", "Functions\CapturedCases\CapturedCases.MicroService\CapturedCases.MicroService.csproj", "{32032E22-946F-4F4F-86F2-82E78405D87A}"
EndProject
Project("{FAE04EC0-301F-11D3-BF4B-00C04F79EFBC}") = "Administration.Business", "Functions\Adminitration\Administration.Business\Administration.Business.csproj", "{EA09587A-F2DE-47C7-B621-5E3482C03858}"
EndProject
Project("{9A19103F-16F7-4668-BE54-9A1E7A4F7556}") = "Administration.MicroService", "Functions\Adminitration\Administration.MicroService\Administration.MicroService.csproj", "{04FAE64F-FB35-4D46-97A5-5A7DDCFFFF97}"
EndProject
Project("{FAE04EC0-301F-11D3-BF4B-00C04F79EFBC}") = "Connectors.TwilioRooms", "Connectors\Connectors.TwilioRooms\Connectors.TwilioRooms.csproj", "{CCD3C210-4378-4CAA-AAE7-AF8F8F2EA9BB}"
EndProject
Project("{2150E333-8FDC-42A3-9474-1A3956D46DE8}") = "QuickTests", "QuickTests", "{FF5E68EA-5603-4A13-B904-FFCF43C502B3}"
EndProject
Project("{FAE04EC0-301F-11D3-BF4B-00C04F79EFBC}") = "QuickTests.Business", "Functions\QuickTests\QuickTests.Business\QuickTests.Business.csproj", "{A5B5811C-6BD8-429A-BD00-83A33B679643}"
EndProject
Project("{9A19103F-16F7-4668-BE54-9A1E7A4F7556}") = "QuickTests.MicroService", "Functions\QuickTests\QuickTests.MicroService\QuickTests.MicroService.csproj", "{ABB58148-0430-4FA0-B9E0-354A4E2F69C6}"
EndProject
Project("{2150E333-8FDC-42A3-9474-1A3956D46DE8}") = "GetInformationApp", "GetInformationApp", "{4CDE37C9-8A93-46F9-B27C-156174A78D12}"
EndProject
Project("{FAE04EC0-301F-11D3-BF4B-00C04F79EFBC}") = "GetInformationApp.Business", "Functions\GetInformationApp\GetInformationApp.Business\GetInformationApp.Business.csproj", "{38AAED3E-D94E-4BE4-B392-636D2B34810C}"
EndProject
Project("{9A19103F-16F7-4668-BE54-9A1E7A4F7556}") = "GetInformationApp.MicroService", "Functions\GetInformationApp\GetInformationApp.MicroService\GetInformationApp.MicroService.csproj", "{1E39D1E9-F9F9-458E-9FC8-A4B3DC19FEF0}"
EndProject
Project("{FAE04EC0-301F-11D3-BF4B-00C04F79EFBC}") = "Connectors.JwtAuth", "Connectors\Connectors.JwtAuth\Connectors.JwtAuth.csproj", "{AA345417-3564-4ABE-9A87-752A26F6AB41}"
EndProject
Project("{FAE04EC0-301F-11D3-BF4B-00C04F79EFBC}") = "Connectors.BotWsp", "Connectors\Connectors.BotWsp\Connectors.BotWsp.csproj", "{2911C9E9-79E6-407B-8C64-38EA418487B1}"
EndProject
Project("{2150E333-8FDC-42A3-9474-1A3956D46DE8}") = "GetInformationPatient", "GetInformationPatient", "{9287847D-0505-4FEE-AA91-B5779C71EBB3}"
EndProject
Project("{FAE04EC0-301F-11D3-BF4B-00C04F79EFBC}") = "GetInformationPatient.Business", "Functions\GetInformationPatient\GetInformationPatient.Business\GetInformationPatient.Business.csproj", "{C980166F-9CFA-4E48-9233-EF1DB39EDA55}"
EndProject
Project("{9A19103F-16F7-4668-BE54-9A1E7A4F7556}") = "GetInformationPatient.MicroService", "Functions\GetInformationPatient\GetInformationPatient.MicroService\GetInformationPatient.MicroService.csproj", "{744304EF-DAFA-4CC9-A59E-F743B66D5B69}"
EndProject
Project("{FAE04EC0-301F-11D3-BF4B-00C04F79EFBC}") = "Connectors.RiskCovid", "Connectors\Connectors.RiskCovid\Connectors.RiskCovid.csproj", "{76EE5FAB-E586-4762-A3BD-ECCCA7AE9580}"
EndProject
Global
	GlobalSection(SolutionConfigurationPlatforms) = preSolution
		Debug|Any CPU = Debug|Any CPU
		Release|Any CPU = Release|Any CPU
	EndGlobalSection
	GlobalSection(ProjectConfigurationPlatforms) = postSolution
		{F30F59F0-EA0B-4397-9B34-AF04E9CD0163}.Debug|Any CPU.ActiveCfg = Debug|Any CPU
		{F30F59F0-EA0B-4397-9B34-AF04E9CD0163}.Debug|Any CPU.Build.0 = Debug|Any CPU
		{F30F59F0-EA0B-4397-9B34-AF04E9CD0163}.Release|Any CPU.ActiveCfg = Release|Any CPU
		{F30F59F0-EA0B-4397-9B34-AF04E9CD0163}.Release|Any CPU.Build.0 = Release|Any CPU
		{6A262882-0B5B-4AB9-8D9A-DC7C7732FD3D}.Debug|Any CPU.ActiveCfg = Debug|Any CPU
		{6A262882-0B5B-4AB9-8D9A-DC7C7732FD3D}.Debug|Any CPU.Build.0 = Debug|Any CPU
		{6A262882-0B5B-4AB9-8D9A-DC7C7732FD3D}.Release|Any CPU.ActiveCfg = Release|Any CPU
		{6A262882-0B5B-4AB9-8D9A-DC7C7732FD3D}.Release|Any CPU.Build.0 = Release|Any CPU
		{E17B43E5-1246-4133-9D0C-590436DB03E4}.Debug|Any CPU.ActiveCfg = Debug|Any CPU
		{E17B43E5-1246-4133-9D0C-590436DB03E4}.Debug|Any CPU.Build.0 = Debug|Any CPU
		{E17B43E5-1246-4133-9D0C-590436DB03E4}.Release|Any CPU.ActiveCfg = Release|Any CPU
		{E17B43E5-1246-4133-9D0C-590436DB03E4}.Release|Any CPU.Build.0 = Release|Any CPU
		{377129B7-4391-44BE-B3CF-0D2E1F2234D5}.Debug|Any CPU.ActiveCfg = Debug|Any CPU
		{377129B7-4391-44BE-B3CF-0D2E1F2234D5}.Debug|Any CPU.Build.0 = Debug|Any CPU
		{377129B7-4391-44BE-B3CF-0D2E1F2234D5}.Release|Any CPU.ActiveCfg = Release|Any CPU
		{377129B7-4391-44BE-B3CF-0D2E1F2234D5}.Release|Any CPU.Build.0 = Release|Any CPU
		{267AE002-5ED9-4E6F-A5DC-5D915A15E58A}.Debug|Any CPU.ActiveCfg = Debug|Any CPU
		{267AE002-5ED9-4E6F-A5DC-5D915A15E58A}.Debug|Any CPU.Build.0 = Debug|Any CPU
		{267AE002-5ED9-4E6F-A5DC-5D915A15E58A}.Release|Any CPU.ActiveCfg = Release|Any CPU
		{267AE002-5ED9-4E6F-A5DC-5D915A15E58A}.Release|Any CPU.Build.0 = Release|Any CPU
		{545FD85E-506A-46EA-9840-8462E29FC5D9}.Debug|Any CPU.ActiveCfg = Debug|Any CPU
		{545FD85E-506A-46EA-9840-8462E29FC5D9}.Debug|Any CPU.Build.0 = Debug|Any CPU
		{545FD85E-506A-46EA-9840-8462E29FC5D9}.Release|Any CPU.ActiveCfg = Release|Any CPU
		{545FD85E-506A-46EA-9840-8462E29FC5D9}.Release|Any CPU.Build.0 = Release|Any CPU
		{B9C65FB2-DB66-4DE3-AFC6-0A2C5219E6CF}.Debug|Any CPU.ActiveCfg = Debug|Any CPU
		{B9C65FB2-DB66-4DE3-AFC6-0A2C5219E6CF}.Debug|Any CPU.Build.0 = Debug|Any CPU
		{B9C65FB2-DB66-4DE3-AFC6-0A2C5219E6CF}.Release|Any CPU.ActiveCfg = Release|Any CPU
		{B9C65FB2-DB66-4DE3-AFC6-0A2C5219E6CF}.Release|Any CPU.Build.0 = Release|Any CPU
		{720A1F69-9793-4BBC-94F0-49460EE39D10}.Debug|Any CPU.ActiveCfg = Debug|Any CPU
		{720A1F69-9793-4BBC-94F0-49460EE39D10}.Debug|Any CPU.Build.0 = Debug|Any CPU
		{720A1F69-9793-4BBC-94F0-49460EE39D10}.Release|Any CPU.ActiveCfg = Release|Any CPU
		{720A1F69-9793-4BBC-94F0-49460EE39D10}.Release|Any CPU.Build.0 = Release|Any CPU
		{D0BF28C4-92FE-46F9-99FF-87162512738C}.Debug|Any CPU.ActiveCfg = Debug|Any CPU
		{D0BF28C4-92FE-46F9-99FF-87162512738C}.Debug|Any CPU.Build.0 = Debug|Any CPU
		{D0BF28C4-92FE-46F9-99FF-87162512738C}.Release|Any CPU.ActiveCfg = Release|Any CPU
		{D0BF28C4-92FE-46F9-99FF-87162512738C}.Release|Any CPU.Build.0 = Release|Any CPU
		{B272A6FF-F493-4672-828A-507CCF717B3D}.Debug|Any CPU.ActiveCfg = Debug|Any CPU
		{B272A6FF-F493-4672-828A-507CCF717B3D}.Debug|Any CPU.Build.0 = Debug|Any CPU
		{B272A6FF-F493-4672-828A-507CCF717B3D}.Release|Any CPU.ActiveCfg = Release|Any CPU
		{B272A6FF-F493-4672-828A-507CCF717B3D}.Release|Any CPU.Build.0 = Release|Any CPU
		{FB97F28D-5589-47B0-B1C8-51219D7673A3}.Debug|Any CPU.ActiveCfg = Debug|Any CPU
		{FB97F28D-5589-47B0-B1C8-51219D7673A3}.Debug|Any CPU.Build.0 = Debug|Any CPU
		{FB97F28D-5589-47B0-B1C8-51219D7673A3}.Release|Any CPU.ActiveCfg = Release|Any CPU
		{FB97F28D-5589-47B0-B1C8-51219D7673A3}.Release|Any CPU.Build.0 = Release|Any CPU
		{650D6269-C40B-4D04-925C-F1E5648A1B40}.Debug|Any CPU.ActiveCfg = Debug|Any CPU
		{650D6269-C40B-4D04-925C-F1E5648A1B40}.Debug|Any CPU.Build.0 = Debug|Any CPU
		{650D6269-C40B-4D04-925C-F1E5648A1B40}.Release|Any CPU.ActiveCfg = Release|Any CPU
		{650D6269-C40B-4D04-925C-F1E5648A1B40}.Release|Any CPU.Build.0 = Release|Any CPU
		{FED80C62-6224-4E4E-BED8-B06A371A730A}.Debug|Any CPU.ActiveCfg = Debug|Any CPU
		{FED80C62-6224-4E4E-BED8-B06A371A730A}.Debug|Any CPU.Build.0 = Debug|Any CPU
		{FED80C62-6224-4E4E-BED8-B06A371A730A}.Release|Any CPU.ActiveCfg = Release|Any CPU
		{FED80C62-6224-4E4E-BED8-B06A371A730A}.Release|Any CPU.Build.0 = Release|Any CPU
		{5736CBAF-F187-43E3-A013-7AD457518F9F}.Debug|Any CPU.ActiveCfg = Debug|Any CPU
		{5736CBAF-F187-43E3-A013-7AD457518F9F}.Debug|Any CPU.Build.0 = Debug|Any CPU
		{5736CBAF-F187-43E3-A013-7AD457518F9F}.Release|Any CPU.ActiveCfg = Release|Any CPU
		{5736CBAF-F187-43E3-A013-7AD457518F9F}.Release|Any CPU.Build.0 = Release|Any CPU
		{28EFE352-9009-4B80-97A8-A849907E172C}.Debug|Any CPU.ActiveCfg = Debug|Any CPU
		{28EFE352-9009-4B80-97A8-A849907E172C}.Debug|Any CPU.Build.0 = Debug|Any CPU
		{28EFE352-9009-4B80-97A8-A849907E172C}.Release|Any CPU.ActiveCfg = Release|Any CPU
		{28EFE352-9009-4B80-97A8-A849907E172C}.Release|Any CPU.Build.0 = Release|Any CPU
		{59568CA8-A8F9-473D-8E5B-549A35FB27E1}.Debug|Any CPU.ActiveCfg = Debug|Any CPU
		{59568CA8-A8F9-473D-8E5B-549A35FB27E1}.Debug|Any CPU.Build.0 = Debug|Any CPU
		{59568CA8-A8F9-473D-8E5B-549A35FB27E1}.Release|Any CPU.ActiveCfg = Release|Any CPU
		{59568CA8-A8F9-473D-8E5B-549A35FB27E1}.Release|Any CPU.Build.0 = Release|Any CPU
		{7B00AFD7-305A-48FB-9DA8-E056E4B26AB2}.Debug|Any CPU.ActiveCfg = Debug|Any CPU
		{7B00AFD7-305A-48FB-9DA8-E056E4B26AB2}.Debug|Any CPU.Build.0 = Debug|Any CPU
		{7B00AFD7-305A-48FB-9DA8-E056E4B26AB2}.Release|Any CPU.ActiveCfg = Release|Any CPU
		{7B00AFD7-305A-48FB-9DA8-E056E4B26AB2}.Release|Any CPU.Build.0 = Release|Any CPU
		{32032E22-946F-4F4F-86F2-82E78405D87A}.Debug|Any CPU.ActiveCfg = Debug|Any CPU
		{32032E22-946F-4F4F-86F2-82E78405D87A}.Debug|Any CPU.Build.0 = Debug|Any CPU
		{32032E22-946F-4F4F-86F2-82E78405D87A}.Release|Any CPU.ActiveCfg = Release|Any CPU
		{32032E22-946F-4F4F-86F2-82E78405D87A}.Release|Any CPU.Build.0 = Release|Any CPU
		{EA09587A-F2DE-47C7-B621-5E3482C03858}.Debug|Any CPU.ActiveCfg = Debug|Any CPU
		{EA09587A-F2DE-47C7-B621-5E3482C03858}.Debug|Any CPU.Build.0 = Debug|Any CPU
		{EA09587A-F2DE-47C7-B621-5E3482C03858}.Release|Any CPU.ActiveCfg = Release|Any CPU
		{EA09587A-F2DE-47C7-B621-5E3482C03858}.Release|Any CPU.Build.0 = Release|Any CPU
		{04FAE64F-FB35-4D46-97A5-5A7DDCFFFF97}.Debug|Any CPU.ActiveCfg = Debug|Any CPU
		{04FAE64F-FB35-4D46-97A5-5A7DDCFFFF97}.Debug|Any CPU.Build.0 = Debug|Any CPU
		{04FAE64F-FB35-4D46-97A5-5A7DDCFFFF97}.Release|Any CPU.ActiveCfg = Release|Any CPU
		{04FAE64F-FB35-4D46-97A5-5A7DDCFFFF97}.Release|Any CPU.Build.0 = Release|Any CPU
		{CCD3C210-4378-4CAA-AAE7-AF8F8F2EA9BB}.Debug|Any CPU.ActiveCfg = Debug|Any CPU
		{CCD3C210-4378-4CAA-AAE7-AF8F8F2EA9BB}.Debug|Any CPU.Build.0 = Debug|Any CPU
		{CCD3C210-4378-4CAA-AAE7-AF8F8F2EA9BB}.Release|Any CPU.ActiveCfg = Release|Any CPU
		{CCD3C210-4378-4CAA-AAE7-AF8F8F2EA9BB}.Release|Any CPU.Build.0 = Release|Any CPU
		{A5B5811C-6BD8-429A-BD00-83A33B679643}.Debug|Any CPU.ActiveCfg = Debug|Any CPU
		{A5B5811C-6BD8-429A-BD00-83A33B679643}.Debug|Any CPU.Build.0 = Debug|Any CPU
		{A5B5811C-6BD8-429A-BD00-83A33B679643}.Release|Any CPU.ActiveCfg = Release|Any CPU
		{A5B5811C-6BD8-429A-BD00-83A33B679643}.Release|Any CPU.Build.0 = Release|Any CPU
		{ABB58148-0430-4FA0-B9E0-354A4E2F69C6}.Debug|Any CPU.ActiveCfg = Debug|Any CPU
		{ABB58148-0430-4FA0-B9E0-354A4E2F69C6}.Debug|Any CPU.Build.0 = Debug|Any CPU
		{ABB58148-0430-4FA0-B9E0-354A4E2F69C6}.Release|Any CPU.ActiveCfg = Release|Any CPU
		{ABB58148-0430-4FA0-B9E0-354A4E2F69C6}.Release|Any CPU.Build.0 = Release|Any CPU
		{38AAED3E-D94E-4BE4-B392-636D2B34810C}.Debug|Any CPU.ActiveCfg = Debug|Any CPU
		{38AAED3E-D94E-4BE4-B392-636D2B34810C}.Debug|Any CPU.Build.0 = Debug|Any CPU
		{38AAED3E-D94E-4BE4-B392-636D2B34810C}.Release|Any CPU.ActiveCfg = Release|Any CPU
		{38AAED3E-D94E-4BE4-B392-636D2B34810C}.Release|Any CPU.Build.0 = Release|Any CPU
		{1E39D1E9-F9F9-458E-9FC8-A4B3DC19FEF0}.Debug|Any CPU.ActiveCfg = Debug|Any CPU
		{1E39D1E9-F9F9-458E-9FC8-A4B3DC19FEF0}.Debug|Any CPU.Build.0 = Debug|Any CPU
		{1E39D1E9-F9F9-458E-9FC8-A4B3DC19FEF0}.Release|Any CPU.ActiveCfg = Release|Any CPU
		{1E39D1E9-F9F9-458E-9FC8-A4B3DC19FEF0}.Release|Any CPU.Build.0 = Release|Any CPU
		{AA345417-3564-4ABE-9A87-752A26F6AB41}.Debug|Any CPU.ActiveCfg = Debug|Any CPU
		{AA345417-3564-4ABE-9A87-752A26F6AB41}.Debug|Any CPU.Build.0 = Debug|Any CPU
		{AA345417-3564-4ABE-9A87-752A26F6AB41}.Release|Any CPU.ActiveCfg = Release|Any CPU
		{AA345417-3564-4ABE-9A87-752A26F6AB41}.Release|Any CPU.Build.0 = Release|Any CPU
		{2911C9E9-79E6-407B-8C64-38EA418487B1}.Debug|Any CPU.ActiveCfg = Debug|Any CPU
		{2911C9E9-79E6-407B-8C64-38EA418487B1}.Debug|Any CPU.Build.0 = Debug|Any CPU
		{2911C9E9-79E6-407B-8C64-38EA418487B1}.Release|Any CPU.ActiveCfg = Release|Any CPU
		{2911C9E9-79E6-407B-8C64-38EA418487B1}.Release|Any CPU.Build.0 = Release|Any CPU
		{C980166F-9CFA-4E48-9233-EF1DB39EDA55}.Debug|Any CPU.ActiveCfg = Debug|Any CPU
		{C980166F-9CFA-4E48-9233-EF1DB39EDA55}.Debug|Any CPU.Build.0 = Debug|Any CPU
		{C980166F-9CFA-4E48-9233-EF1DB39EDA55}.Release|Any CPU.ActiveCfg = Release|Any CPU
		{C980166F-9CFA-4E48-9233-EF1DB39EDA55}.Release|Any CPU.Build.0 = Release|Any CPU
		{744304EF-DAFA-4CC9-A59E-F743B66D5B69}.Debug|Any CPU.ActiveCfg = Debug|Any CPU
		{744304EF-DAFA-4CC9-A59E-F743B66D5B69}.Debug|Any CPU.Build.0 = Debug|Any CPU
		{744304EF-DAFA-4CC9-A59E-F743B66D5B69}.Release|Any CPU.ActiveCfg = Release|Any CPU
		{744304EF-DAFA-4CC9-A59E-F743B66D5B69}.Release|Any CPU.Build.0 = Release|Any CPU
		{76EE5FAB-E586-4762-A3BD-ECCCA7AE9580}.Debug|Any CPU.ActiveCfg = Debug|Any CPU
		{76EE5FAB-E586-4762-A3BD-ECCCA7AE9580}.Debug|Any CPU.Build.0 = Debug|Any CPU
		{76EE5FAB-E586-4762-A3BD-ECCCA7AE9580}.Release|Any CPU.ActiveCfg = Release|Any CPU
		{76EE5FAB-E586-4762-A3BD-ECCCA7AE9580}.Release|Any CPU.Build.0 = Release|Any CPU
	EndGlobalSection
	GlobalSection(SolutionProperties) = preSolution
		HideSolutionNode = FALSE
	EndGlobalSection
	GlobalSection(NestedProjects) = preSolution
		{F30F59F0-EA0B-4397-9B34-AF04E9CD0163} = {DDB3946F-A35E-470A-AC44-B55C7302865E}
		{6A262882-0B5B-4AB9-8D9A-DC7C7732FD3D} = {DDB3946F-A35E-470A-AC44-B55C7302865E}
		{E17B43E5-1246-4133-9D0C-590436DB03E4} = {DDB3946F-A35E-470A-AC44-B55C7302865E}
		{377129B7-4391-44BE-B3CF-0D2E1F2234D5} = {DDB3946F-A35E-470A-AC44-B55C7302865E}
		{267AE002-5ED9-4E6F-A5DC-5D915A15E58A} = {DDB3946F-A35E-470A-AC44-B55C7302865E}
		{545FD85E-506A-46EA-9840-8462E29FC5D9} = {DDB3946F-A35E-470A-AC44-B55C7302865E}
		{B9C65FB2-DB66-4DE3-AFC6-0A2C5219E6CF} = {DDB3946F-A35E-470A-AC44-B55C7302865E}
		{720A1F69-9793-4BBC-94F0-49460EE39D10} = {DDB3946F-A35E-470A-AC44-B55C7302865E}
		{D0BF28C4-92FE-46F9-99FF-87162512738C} = {DDB3946F-A35E-470A-AC44-B55C7302865E}
		{B272A6FF-F493-4672-828A-507CCF717B3D} = {DDB3946F-A35E-470A-AC44-B55C7302865E}
		{5A6A9BA8-51BB-4D05-A3A5-BA01A40794D1} = {FCC71EC3-160B-4CC4-BA0E-10E5664FA570}
		{FB97F28D-5589-47B0-B1C8-51219D7673A3} = {5A6A9BA8-51BB-4D05-A3A5-BA01A40794D1}
		{650D6269-C40B-4D04-925C-F1E5648A1B40} = {5A6A9BA8-51BB-4D05-A3A5-BA01A40794D1}
		{91A53753-835D-483C-A1B5-63F866D5B03E} = {FCC71EC3-160B-4CC4-BA0E-10E5664FA570}
		{FED80C62-6224-4E4E-BED8-B06A371A730A} = {91A53753-835D-483C-A1B5-63F866D5B03E}
		{5736CBAF-F187-43E3-A013-7AD457518F9F} = {91A53753-835D-483C-A1B5-63F866D5B03E}
		{88459B6D-EDF2-413E-AA9B-C1B7AF0989C0} = {FCC71EC3-160B-4CC4-BA0E-10E5664FA570}
		{28EFE352-9009-4B80-97A8-A849907E172C} = {88459B6D-EDF2-413E-AA9B-C1B7AF0989C0}
		{59568CA8-A8F9-473D-8E5B-549A35FB27E1} = {88459B6D-EDF2-413E-AA9B-C1B7AF0989C0}
		{776FDFD6-0230-49E1-9007-6CFCE675B639} = {FCC71EC3-160B-4CC4-BA0E-10E5664FA570}
		{9A4FE811-786F-4AB0-A662-58AA83430A43} = {FCC71EC3-160B-4CC4-BA0E-10E5664FA570}
		{7B00AFD7-305A-48FB-9DA8-E056E4B26AB2} = {776FDFD6-0230-49E1-9007-6CFCE675B639}
		{32032E22-946F-4F4F-86F2-82E78405D87A} = {776FDFD6-0230-49E1-9007-6CFCE675B639}
		{EA09587A-F2DE-47C7-B621-5E3482C03858} = {9A4FE811-786F-4AB0-A662-58AA83430A43}
		{04FAE64F-FB35-4D46-97A5-5A7DDCFFFF97} = {9A4FE811-786F-4AB0-A662-58AA83430A43}
		{CCD3C210-4378-4CAA-AAE7-AF8F8F2EA9BB} = {AFA07AC5-2321-4C5E-9F64-B0092CB127C9}
		{FF5E68EA-5603-4A13-B904-FFCF43C502B3} = {FCC71EC3-160B-4CC4-BA0E-10E5664FA570}
		{A5B5811C-6BD8-429A-BD00-83A33B679643} = {FF5E68EA-5603-4A13-B904-FFCF43C502B3}
		{ABB58148-0430-4FA0-B9E0-354A4E2F69C6} = {FF5E68EA-5603-4A13-B904-FFCF43C502B3}
		{4CDE37C9-8A93-46F9-B27C-156174A78D12} = {FCC71EC3-160B-4CC4-BA0E-10E5664FA570}
		{38AAED3E-D94E-4BE4-B392-636D2B34810C} = {4CDE37C9-8A93-46F9-B27C-156174A78D12}
		{1E39D1E9-F9F9-458E-9FC8-A4B3DC19FEF0} = {4CDE37C9-8A93-46F9-B27C-156174A78D12}
		{AA345417-3564-4ABE-9A87-752A26F6AB41} = {AFA07AC5-2321-4C5E-9F64-B0092CB127C9}
		{2911C9E9-79E6-407B-8C64-38EA418487B1} = {AFA07AC5-2321-4C5E-9F64-B0092CB127C9}
		{9287847D-0505-4FEE-AA91-B5779C71EBB3} = {FCC71EC3-160B-4CC4-BA0E-10E5664FA570}
		{C980166F-9CFA-4E48-9233-EF1DB39EDA55} = {9287847D-0505-4FEE-AA91-B5779C71EBB3}
		{744304EF-DAFA-4CC9-A59E-F743B66D5B69} = {9287847D-0505-4FEE-AA91-B5779C71EBB3}
		{76EE5FAB-E586-4762-A3BD-ECCCA7AE9580} = {AFA07AC5-2321-4C5E-9F64-B0092CB127C9}
	EndGlobalSection
	GlobalSection(ExtensibilityGlobals) = postSolution
		SolutionGuid = {F11506EC-B5BE-4474-8DBC-3061926F420D}
	EndGlobalSection
EndGlobal
