
Microsoft Visual Studio Solution File, Format Version 12.00
# Visual Studio Version 16
VisualStudioVersion = 16.0.30128.74
MinimumVisualStudioVersion = 10.0.40219.1
Project("{2150E333-8FDC-42A3-9474-1A3956D46DE8}") = "Core", "Core", "{DDB3946F-A35E-470A-AC44-B55C7302865E}"
EndProject
Project("{FAE04EC0-301F-11D3-BF4B-00C04F79EFBC}") = "Core.AuthConfig", "Core\Core.AuthConfig\Core.AuthConfig.csproj", "{F30F59F0-EA0B-4397-9B34-AF04E9CD0163}"
EndProject
Project("{FAE04EC0-301F-11D3-BF4B-00C04F79EFBC}") = "Core.AuthConfig.DotNetCore", "Core\Core.AuthConfig.DotNetCore\Core.AuthConfig.DotNetCore.csproj", "{6A262882-0B5B-4AB9-8D9A-DC7C7732FD3D}"
EndProject
Project("{FAE04EC0-301F-11D3-BF4B-00C04F79EFBC}") = "Core.Business", "Core\Core.Business\Core.Business.csproj", "{E17B43E5-1246-4133-9D0C-590436DB03E4}"
EndProject
Project("{FAE04EC0-301F-11D3-BF4B-00C04F79EFBC}") = "Core.Connectors", "Core\Core.Connectors\Core.Connectors.csproj", "{377129B7-4391-44BE-B3CF-0D2E1F2234D5}"
EndProject
Project("{FAE04EC0-301F-11D3-BF4B-00C04F79EFBC}") = "Core.Data", "Core\Core.Data\Core.Data.csproj", "{267AE002-5ED9-4E6F-A5DC-5D915A15E58A}"
EndProject
Project("{FAE04EC0-301F-11D3-BF4B-00C04F79EFBC}") = "Core.Data.Migration", "Core\Core.Data.Migration\Core.Data.Migration.csproj", "{545FD85E-506A-46EA-9840-8462E29FC5D9}"
EndProject
Project("{FAE04EC0-301F-11D3-BF4B-00C04F79EFBC}") = "Core.Encrypter", "Core\Core.Encrypter\Core.Encrypter.csproj", "{B9C65FB2-DB66-4DE3-AFC6-0A2C5219E6CF}"
EndProject
Project("{FAE04EC0-301F-11D3-BF4B-00C04F79EFBC}") = "Core.JwtAuthServer", "Core\Core.JwtAuthServer\Core.JwtAuthServer.csproj", "{720A1F69-9793-4BBC-94F0-49460EE39D10}"
EndProject
Project("{FAE04EC0-301F-11D3-BF4B-00C04F79EFBC}") = "Core.MicroService", "Core\Core.MicroService\Core.MicroService.csproj", "{D0BF28C4-92FE-46F9-99FF-87162512738C}"
EndProject
Project("{FAE04EC0-301F-11D3-BF4B-00C04F79EFBC}") = "Core.Validation", "Core\Core.Validation\Core.Validation.csproj", "{B272A6FF-F493-4672-828A-507CCF717B3D}"
EndProject
Project("{2150E333-8FDC-42A3-9474-1A3956D46DE8}") = "Functions", "Functions", "{FCC71EC3-160B-4CC4-BA0E-10E5664FA570}"
EndProject
Project("{2150E333-8FDC-42A3-9474-1A3956D46DE8}") = "Patients", "Patients", "{5A6A9BA8-51BB-4D05-A3A5-BA01A40794D1}"
EndProject
Project("{FAE04EC0-301F-11D3-BF4B-00C04F79EFBC}") = "Patients.Business", "Functions\Patients\Patients.Business\Patients.Business.csproj", "{FB97F28D-5589-47B0-B1C8-51219D7673A3}"
EndProject
Project("{FAE04EC0-301F-11D3-BF4B-00C04F79EFBC}") = "Patients.MicroService", "Functions\Patients\Patients.MicroService\Patients.MicroService.csproj", "{650D6269-C40B-4D04-925C-F1E5648A1B40}"
EndProject
Global
	GlobalSection(SolutionConfigurationPlatforms) = preSolution
		Debug|Any CPU = Debug|Any CPU
		Release|Any CPU = Release|Any CPU
	EndGlobalSection
	GlobalSection(ProjectConfigurationPlatforms) = postSolution
		{F30F59F0-EA0B-4397-9B34-AF04E9CD0163}.Debug|Any CPU.ActiveCfg = Debug|Any CPU
		{F30F59F0-EA0B-4397-9B34-AF04E9CD0163}.Debug|Any CPU.Build.0 = Debug|Any CPU
		{F30F59F0-EA0B-4397-9B34-AF04E9CD0163}.Release|Any CPU.ActiveCfg = Release|Any CPU
		{F30F59F0-EA0B-4397-9B34-AF04E9CD0163}.Release|Any CPU.Build.0 = Release|Any CPU
		{6A262882-0B5B-4AB9-8D9A-DC7C7732FD3D}.Debug|Any CPU.ActiveCfg = Debug|Any CPU
		{6A262882-0B5B-4AB9-8D9A-DC7C7732FD3D}.Debug|Any CPU.Build.0 = Debug|Any CPU
		{6A262882-0B5B-4AB9-8D9A-DC7C7732FD3D}.Release|Any CPU.ActiveCfg = Release|Any CPU
		{6A262882-0B5B-4AB9-8D9A-DC7C7732FD3D}.Release|Any CPU.Build.0 = Release|Any CPU
		{E17B43E5-1246-4133-9D0C-590436DB03E4}.Debug|Any CPU.ActiveCfg = Debug|Any CPU
		{E17B43E5-1246-4133-9D0C-590436DB03E4}.Debug|Any CPU.Build.0 = Debug|Any CPU
		{E17B43E5-1246-4133-9D0C-590436DB03E4}.Release|Any CPU.ActiveCfg = Release|Any CPU
		{E17B43E5-1246-4133-9D0C-590436DB03E4}.Release|Any CPU.Build.0 = Release|Any CPU
		{377129B7-4391-44BE-B3CF-0D2E1F2234D5}.Debug|Any CPU.ActiveCfg = Debug|Any CPU
		{377129B7-4391-44BE-B3CF-0D2E1F2234D5}.Debug|Any CPU.Build.0 = Debug|Any CPU
		{377129B7-4391-44BE-B3CF-0D2E1F2234D5}.Release|Any CPU.ActiveCfg = Release|Any CPU
		{377129B7-4391-44BE-B3CF-0D2E1F2234D5}.Release|Any CPU.Build.0 = Release|Any CPU
		{267AE002-5ED9-4E6F-A5DC-5D915A15E58A}.Debug|Any CPU.ActiveCfg = Debug|Any CPU
		{267AE002-5ED9-4E6F-A5DC-5D915A15E58A}.Debug|Any CPU.Build.0 = Debug|Any CPU
		{267AE002-5ED9-4E6F-A5DC-5D915A15E58A}.Release|Any CPU.ActiveCfg = Release|Any CPU
		{267AE002-5ED9-4E6F-A5DC-5D915A15E58A}.Release|Any CPU.Build.0 = Release|Any CPU
		{545FD85E-506A-46EA-9840-8462E29FC5D9}.Debug|Any CPU.ActiveCfg = Debug|Any CPU
		{545FD85E-506A-46EA-9840-8462E29FC5D9}.Debug|Any CPU.Build.0 = Debug|Any CPU
		{545FD85E-506A-46EA-9840-8462E29FC5D9}.Release|Any CPU.ActiveCfg = Release|Any CPU
		{545FD85E-506A-46EA-9840-8462E29FC5D9}.Release|Any CPU.Build.0 = Release|Any CPU
		{B9C65FB2-DB66-4DE3-AFC6-0A2C5219E6CF}.Debug|Any CPU.ActiveCfg = Debug|Any CPU
		{B9C65FB2-DB66-4DE3-AFC6-0A2C5219E6CF}.Debug|Any CPU.Build.0 = Debug|Any CPU
		{B9C65FB2-DB66-4DE3-AFC6-0A2C5219E6CF}.Release|Any CPU.ActiveCfg = Release|Any CPU
		{B9C65FB2-DB66-4DE3-AFC6-0A2C5219E6CF}.Release|Any CPU.Build.0 = Release|Any CPU
		{720A1F69-9793-4BBC-94F0-49460EE39D10}.Debug|Any CPU.ActiveCfg = Debug|Any CPU
		{720A1F69-9793-4BBC-94F0-49460EE39D10}.Debug|Any CPU.Build.0 = Debug|Any CPU
		{720A1F69-9793-4BBC-94F0-49460EE39D10}.Release|Any CPU.ActiveCfg = Release|Any CPU
		{720A1F69-9793-4BBC-94F0-49460EE39D10}.Release|Any CPU.Build.0 = Release|Any CPU
		{D0BF28C4-92FE-46F9-99FF-87162512738C}.Debug|Any CPU.ActiveCfg = Debug|Any CPU
		{D0BF28C4-92FE-46F9-99FF-87162512738C}.Debug|Any CPU.Build.0 = Debug|Any CPU
		{D0BF28C4-92FE-46F9-99FF-87162512738C}.Release|Any CPU.ActiveCfg = Release|Any CPU
		{D0BF28C4-92FE-46F9-99FF-87162512738C}.Release|Any CPU.Build.0 = Release|Any CPU
		{B272A6FF-F493-4672-828A-507CCF717B3D}.Debug|Any CPU.ActiveCfg = Debug|Any CPU
		{B272A6FF-F493-4672-828A-507CCF717B3D}.Debug|Any CPU.Build.0 = Debug|Any CPU
		{B272A6FF-F493-4672-828A-507CCF717B3D}.Release|Any CPU.ActiveCfg = Release|Any CPU
		{B272A6FF-F493-4672-828A-507CCF717B3D}.Release|Any CPU.Build.0 = Release|Any CPU
		{FB97F28D-5589-47B0-B1C8-51219D7673A3}.Debug|Any CPU.ActiveCfg = Debug|Any CPU
		{FB97F28D-5589-47B0-B1C8-51219D7673A3}.Debug|Any CPU.Build.0 = Debug|Any CPU
		{FB97F28D-5589-47B0-B1C8-51219D7673A3}.Release|Any CPU.ActiveCfg = Release|Any CPU
		{FB97F28D-5589-47B0-B1C8-51219D7673A3}.Release|Any CPU.Build.0 = Release|Any CPU
		{650D6269-C40B-4D04-925C-F1E5648A1B40}.Debug|Any CPU.ActiveCfg = Debug|Any CPU
		{650D6269-C40B-4D04-925C-F1E5648A1B40}.Debug|Any CPU.Build.0 = Debug|Any CPU
		{650D6269-C40B-4D04-925C-F1E5648A1B40}.Release|Any CPU.ActiveCfg = Release|Any CPU
		{650D6269-C40B-4D04-925C-F1E5648A1B40}.Release|Any CPU.Build.0 = Release|Any CPU
	EndGlobalSection
	GlobalSection(SolutionProperties) = preSolution
		HideSolutionNode = FALSE
	EndGlobalSection
	GlobalSection(NestedProjects) = preSolution
		{F30F59F0-EA0B-4397-9B34-AF04E9CD0163} = {DDB3946F-A35E-470A-AC44-B55C7302865E}
		{6A262882-0B5B-4AB9-8D9A-DC7C7732FD3D} = {DDB3946F-A35E-470A-AC44-B55C7302865E}
		{E17B43E5-1246-4133-9D0C-590436DB03E4} = {DDB3946F-A35E-470A-AC44-B55C7302865E}
		{377129B7-4391-44BE-B3CF-0D2E1F2234D5} = {DDB3946F-A35E-470A-AC44-B55C7302865E}
		{267AE002-5ED9-4E6F-A5DC-5D915A15E58A} = {DDB3946F-A35E-470A-AC44-B55C7302865E}
		{545FD85E-506A-46EA-9840-8462E29FC5D9} = {DDB3946F-A35E-470A-AC44-B55C7302865E}
		{B9C65FB2-DB66-4DE3-AFC6-0A2C5219E6CF} = {DDB3946F-A35E-470A-AC44-B55C7302865E}
		{720A1F69-9793-4BBC-94F0-49460EE39D10} = {DDB3946F-A35E-470A-AC44-B55C7302865E}
		{D0BF28C4-92FE-46F9-99FF-87162512738C} = {DDB3946F-A35E-470A-AC44-B55C7302865E}
		{B272A6FF-F493-4672-828A-507CCF717B3D} = {DDB3946F-A35E-470A-AC44-B55C7302865E}
		{5A6A9BA8-51BB-4D05-A3A5-BA01A40794D1} = {FCC71EC3-160B-4CC4-BA0E-10E5664FA570}
		{FB97F28D-5589-47B0-B1C8-51219D7673A3} = {5A6A9BA8-51BB-4D05-A3A5-BA01A40794D1}
		{650D6269-C40B-4D04-925C-F1E5648A1B40} = {5A6A9BA8-51BB-4D05-A3A5-BA01A40794D1}
	EndGlobalSection
	GlobalSection(ExtensibilityGlobals) = postSolution
		SolutionGuid = {F11506EC-B5BE-4474-8DBC-3061926F420D}
	EndGlobalSection
EndGlobal
